// !$*UTF8*$!
{
	archiveVersion = 1;
	classes = {
	};
	objectVersion = 56;
	objects = {

/* Begin PBXBuildFile section */
		2723D3E52B2706320033838B /* MenuView.swift in Sources */ = {isa = PBXBuildFile; fileRef = 2723D3E42B2706320033838B /* MenuView.swift */; };
		27A315792B1F63B9004EA1A6 /* SoigneMoiApp.swift in Sources */ = {isa = PBXBuildFile; fileRef = 27A315782B1F63B9004EA1A6 /* SoigneMoiApp.swift */; };
		27A3157B2B1F63B9004EA1A6 /* ContentView.swift in Sources */ = {isa = PBXBuildFile; fileRef = 27A3157A2B1F63B9004EA1A6 /* ContentView.swift */; };
		27A3157D2B1F63BA004EA1A6 /* Assets.xcassets in Resources */ = {isa = PBXBuildFile; fileRef = 27A3157C2B1F63BA004EA1A6 /* Assets.xcassets */; };
		27A315802B1F63BA004EA1A6 /* Preview Assets.xcassets in Resources */ = {isa = PBXBuildFile; fileRef = 27A3157F2B1F63BA004EA1A6 /* Preview Assets.xcassets */; };
		27A3158A2B1F63BB004EA1A6 /* SoigneMoiTests.swift in Sources */ = {isa = PBXBuildFile; fileRef = 27A315892B1F63BB004EA1A6 /* SoigneMoiTests.swift */; };
		27A315942B1F63BB004EA1A6 /* SoigneMoiUITests.swift in Sources */ = {isa = PBXBuildFile; fileRef = 27A315932B1F63BB004EA1A6 /* SoigneMoiUITests.swift */; };
		27A315962B1F63BB004EA1A6 /* SoigneMoiUITestsLaunchTests.swift in Sources */ = {isa = PBXBuildFile; fileRef = 27A315952B1F63BB004EA1A6 /* SoigneMoiUITestsLaunchTests.swift */; };
		27A315A62B1F645B004EA1A6 /* LoginView.swift in Sources */ = {isa = PBXBuildFile; fileRef = 27A315A52B1F645B004EA1A6 /* LoginView.swift */; };
		27A315A82B1F7756004EA1A6 /* API.swift in Sources */ = {isa = PBXBuildFile; fileRef = 27A315A72B1F7755004EA1A6 /* API.swift */; };
		27A315AA2B1F79E7004EA1A6 /* User.swift in Sources */ = {isa = PBXBuildFile; fileRef = 27A315A92B1F79E7004EA1A6 /* User.swift */; };
		27F612942B22FCD400E3A953 /* DashboardView.swift in Sources */ = {isa = PBXBuildFile; fileRef = 27F612932B22FCD400E3A953 /* DashboardView.swift */; };
		27F612962B2301FF00E3A953 /* LoginViewModel.swift in Sources */ = {isa = PBXBuildFile; fileRef = 27F612952B2301FF00E3A953 /* LoginViewModel.swift */; };
		27F704B72B2CA64B0083E78F /* Responses.swift in Sources */ = {isa = PBXBuildFile; fileRef = 27F704B62B2CA64B0083E78F /* Responses.swift */; };
		27F704BB2B2CA9F30083E78F /* ProfileView.swift in Sources */ = {isa = PBXBuildFile; fileRef = 27F704BA2B2CA9F30083E78F /* ProfileView.swift */; };
		27F704BD2B2CB7880083E78F /* MenuItem.swift in Sources */ = {isa = PBXBuildFile; fileRef = 27F704BC2B2CB7880083E78F /* MenuItem.swift */; };
		27F704C02B2CBBFC0083E78F /* Category1View.swift in Sources */ = {isa = PBXBuildFile; fileRef = 27F704BF2B2CBBFC0083E78F /* Category1View.swift */; };
		27F704C22B2CBC0D0083E78F /* Category2View.swift in Sources */ = {isa = PBXBuildFile; fileRef = 27F704C12B2CBC0D0083E78F /* Category2View.swift */; };
		27F704C42B2CBC250083E78F /* Category3View.swift in Sources */ = {isa = PBXBuildFile; fileRef = 27F704C32B2CBC250083E78F /* Category3View.swift */; };
		27F704C62B2CBCE00083E78F /* MenuData.swift in Sources */ = {isa = PBXBuildFile; fileRef = 27F704C52B2CBCE00083E78F /* MenuData.swift */; };
		27F704C82B2CCFA10083E78F /* CustomTextStyle.swift in Sources */ = {isa = PBXBuildFile; fileRef = 27F704C72B2CCFA10083E78F /* CustomTextStyle.swift */; };
		27F704CA2B2CE2E00083E78F /* MainView.swift in Sources */ = {isa = PBXBuildFile; fileRef = 27F704C92B2CE2E00083E78F /* MainView.swift */; };
/* End PBXBuildFile section */

/* Begin PBXContainerItemProxy section */
		27A315862B1F63BB004EA1A6 /* PBXContainerItemProxy */ = {
			isa = PBXContainerItemProxy;
			containerPortal = 27A3156D2B1F63B9004EA1A6 /* Project object */;
			proxyType = 1;
			remoteGlobalIDString = 27A315742B1F63B9004EA1A6;
			remoteInfo = SoigneMoi;
		};
		27A315902B1F63BB004EA1A6 /* PBXContainerItemProxy */ = {
			isa = PBXContainerItemProxy;
			containerPortal = 27A3156D2B1F63B9004EA1A6 /* Project object */;
			proxyType = 1;
			remoteGlobalIDString = 27A315742B1F63B9004EA1A6;
			remoteInfo = SoigneMoi;
		};
/* End PBXContainerItemProxy section */

/* Begin PBXFileReference section */
		2723D3E42B2706320033838B /* MenuView.swift */ = {isa = PBXFileReference; lastKnownFileType = sourcecode.swift; path = MenuView.swift; sourceTree = "<group>"; };
		27A315752B1F63B9004EA1A6 /* SoigneMoi.app */ = {isa = PBXFileReference; explicitFileType = wrapper.application; includeInIndex = 0; path = SoigneMoi.app; sourceTree = BUILT_PRODUCTS_DIR; };
		27A315782B1F63B9004EA1A6 /* SoigneMoiApp.swift */ = {isa = PBXFileReference; lastKnownFileType = sourcecode.swift; path = SoigneMoiApp.swift; sourceTree = "<group>"; };
		27A3157A2B1F63B9004EA1A6 /* ContentView.swift */ = {isa = PBXFileReference; lastKnownFileType = sourcecode.swift; path = ContentView.swift; sourceTree = "<group>"; };
		27A3157C2B1F63BA004EA1A6 /* Assets.xcassets */ = {isa = PBXFileReference; lastKnownFileType = folder.assetcatalog; path = Assets.xcassets; sourceTree = "<group>"; };
		27A3157F2B1F63BA004EA1A6 /* Preview Assets.xcassets */ = {isa = PBXFileReference; lastKnownFileType = folder.assetcatalog; path = "Preview Assets.xcassets"; sourceTree = "<group>"; };
		27A315852B1F63BB004EA1A6 /* SoigneMoiTests.xctest */ = {isa = PBXFileReference; explicitFileType = wrapper.cfbundle; includeInIndex = 0; path = SoigneMoiTests.xctest; sourceTree = BUILT_PRODUCTS_DIR; };
		27A315892B1F63BB004EA1A6 /* SoigneMoiTests.swift */ = {isa = PBXFileReference; lastKnownFileType = sourcecode.swift; path = SoigneMoiTests.swift; sourceTree = "<group>"; };
		27A3158F2B1F63BB004EA1A6 /* SoigneMoiUITests.xctest */ = {isa = PBXFileReference; explicitFileType = wrapper.cfbundle; includeInIndex = 0; path = SoigneMoiUITests.xctest; sourceTree = BUILT_PRODUCTS_DIR; };
		27A315932B1F63BB004EA1A6 /* SoigneMoiUITests.swift */ = {isa = PBXFileReference; lastKnownFileType = sourcecode.swift; path = SoigneMoiUITests.swift; sourceTree = "<group>"; };
		27A315952B1F63BB004EA1A6 /* SoigneMoiUITestsLaunchTests.swift */ = {isa = PBXFileReference; lastKnownFileType = sourcecode.swift; path = SoigneMoiUITestsLaunchTests.swift; sourceTree = "<group>"; };
		27A315A52B1F645B004EA1A6 /* LoginView.swift */ = {isa = PBXFileReference; lastKnownFileType = sourcecode.swift; path = LoginView.swift; sourceTree = "<group>"; };
		27A315A72B1F7755004EA1A6 /* API.swift */ = {isa = PBXFileReference; lastKnownFileType = sourcecode.swift; path = API.swift; sourceTree = "<group>"; };
		27A315A92B1F79E7004EA1A6 /* User.swift */ = {isa = PBXFileReference; lastKnownFileType = sourcecode.swift; path = User.swift; sourceTree = "<group>"; };
		27F612932B22FCD400E3A953 /* DashboardView.swift */ = {isa = PBXFileReference; lastKnownFileType = sourcecode.swift; path = DashboardView.swift; sourceTree = "<group>"; };
		27F612952B2301FF00E3A953 /* LoginViewModel.swift */ = {isa = PBXFileReference; lastKnownFileType = sourcecode.swift; path = LoginViewModel.swift; sourceTree = "<group>"; };
		27F704B62B2CA64B0083E78F /* Responses.swift */ = {isa = PBXFileReference; lastKnownFileType = sourcecode.swift; path = Responses.swift; sourceTree = "<group>"; };
		27F704BA2B2CA9F30083E78F /* ProfileView.swift */ = {isa = PBXFileReference; lastKnownFileType = sourcecode.swift; path = ProfileView.swift; sourceTree = "<group>"; };
		27F704BC2B2CB7880083E78F /* MenuItem.swift */ = {isa = PBXFileReference; lastKnownFileType = sourcecode.swift; path = MenuItem.swift; sourceTree = "<group>"; };
		27F704BF2B2CBBFC0083E78F /* Category1View.swift */ = {isa = PBXFileReference; lastKnownFileType = sourcecode.swift; path = Category1View.swift; sourceTree = "<group>"; };
		27F704C12B2CBC0D0083E78F /* Category2View.swift */ = {isa = PBXFileReference; lastKnownFileType = sourcecode.swift; path = Category2View.swift; sourceTree = "<group>"; };
		27F704C32B2CBC250083E78F /* Category3View.swift */ = {isa = PBXFileReference; lastKnownFileType = sourcecode.swift; path = Category3View.swift; sourceTree = "<group>"; };
		27F704C52B2CBCE00083E78F /* MenuData.swift */ = {isa = PBXFileReference; lastKnownFileType = sourcecode.swift; path = MenuData.swift; sourceTree = "<group>"; };
		27F704C72B2CCFA10083E78F /* CustomTextStyle.swift */ = {isa = PBXFileReference; lastKnownFileType = sourcecode.swift; path = CustomTextStyle.swift; sourceTree = "<group>"; };
		27F704C92B2CE2E00083E78F /* MainView.swift */ = {isa = PBXFileReference; lastKnownFileType = sourcecode.swift; path = MainView.swift; sourceTree = "<group>"; };
/* End PBXFileReference section */

/* Begin PBXFrameworksBuildPhase section */
		27A315722B1F63B9004EA1A6 /* Frameworks */ = {
			isa = PBXFrameworksBuildPhase;
			buildActionMask = 2147483647;
			files = (
			);
			runOnlyForDeploymentPostprocessing = 0;
		};
		27A315822B1F63BB004EA1A6 /* Frameworks */ = {
			isa = PBXFrameworksBuildPhase;
			buildActionMask = 2147483647;
			files = (
			);
			runOnlyForDeploymentPostprocessing = 0;
		};
		27A3158C2B1F63BB004EA1A6 /* Frameworks */ = {
			isa = PBXFrameworksBuildPhase;
			buildActionMask = 2147483647;
			files = (
			);
			runOnlyForDeploymentPostprocessing = 0;
		};
/* End PBXFrameworksBuildPhase section */

/* Begin PBXGroup section */
		27A3156C2B1F63B9004EA1A6 = {
			isa = PBXGroup;
			children = (
				27A315772B1F63B9004EA1A6 /* SoigneMoi */,
				27A315882B1F63BB004EA1A6 /* SoigneMoiTests */,
				27A315922B1F63BB004EA1A6 /* SoigneMoiUITests */,
				27A315762B1F63B9004EA1A6 /* Products */,
			);
			sourceTree = "<group>";
		};
		27A315762B1F63B9004EA1A6 /* Products */ = {
			isa = PBXGroup;
			children = (
				27A315752B1F63B9004EA1A6 /* SoigneMoi.app */,
				27A315852B1F63BB004EA1A6 /* SoigneMoiTests.xctest */,
				27A3158F2B1F63BB004EA1A6 /* SoigneMoiUITests.xctest */,
			);
			name = Products;
			sourceTree = "<group>";
		};
		27A315772B1F63B9004EA1A6 /* SoigneMoi */ = {
			isa = PBXGroup;
			children = (
				27A315782B1F63B9004EA1A6 /* SoigneMoiApp.swift */,
				27A315A22B1F63D1004EA1A6 /* Models */,
				27A315A32B1F63DD004EA1A6 /* Views */,
				27A315A42B1F63E7004EA1A6 /* ViewModels */,
				27A3157C2B1F63BA004EA1A6 /* Assets.xcassets */,
				27F704C72B2CCFA10083E78F /* CustomTextStyle.swift */,
				27A3157E2B1F63BA004EA1A6 /* Preview Content */,
			);
			path = SoigneMoi;
			sourceTree = "<group>";
		};
		27A3157E2B1F63BA004EA1A6 /* Preview Content */ = {
			isa = PBXGroup;
			children = (
				27A3157F2B1F63BA004EA1A6 /* Preview Assets.xcassets */,
			);
			path = "Preview Content";
			sourceTree = "<group>";
		};
		27A315882B1F63BB004EA1A6 /* SoigneMoiTests */ = {
			isa = PBXGroup;
			children = (
				27A315892B1F63BB004EA1A6 /* SoigneMoiTests.swift */,
			);
			path = SoigneMoiTests;
			sourceTree = "<group>";
		};
		27A315922B1F63BB004EA1A6 /* SoigneMoiUITests */ = {
			isa = PBXGroup;
			children = (
				27A315932B1F63BB004EA1A6 /* SoigneMoiUITests.swift */,
				27A315952B1F63BB004EA1A6 /* SoigneMoiUITestsLaunchTests.swift */,
			);
			path = SoigneMoiUITests;
			sourceTree = "<group>";
		};
		27A315A22B1F63D1004EA1A6 /* Models */ = {
			isa = PBXGroup;
			children = (
				27A315A72B1F7755004EA1A6 /* API.swift */,
				27A315A92B1F79E7004EA1A6 /* User.swift */,
				27F704B62B2CA64B0083E78F /* Responses.swift */,
				27F704BC2B2CB7880083E78F /* MenuItem.swift */,
				27F704C52B2CBCE00083E78F /* MenuData.swift */,
			);
			path = Models;
			sourceTree = "<group>";
		};
		27A315A32B1F63DD004EA1A6 /* Views */ = {
			isa = PBXGroup;
			children = (
				27F704BE2B2CBBE00083E78F /* CategoryView */,
				27A3157A2B1F63B9004EA1A6 /* ContentView.swift */,
				27A315A52B1F645B004EA1A6 /* LoginView.swift */,
				27F612932B22FCD400E3A953 /* DashboardView.swift */,
				2723D3E42B2706320033838B /* MenuView.swift */,
				27F704BA2B2CA9F30083E78F /* ProfileView.swift */,
				27F704C92B2CE2E00083E78F /* MainView.swift */,
			);
			path = Views;
			sourceTree = "<group>";
		};
		27A315A42B1F63E7004EA1A6 /* ViewModels */ = {
			isa = PBXGroup;
			children = (
				27F612952B2301FF00E3A953 /* LoginViewModel.swift */,
			);
			path = ViewModels;
			sourceTree = "<group>";
		};
		27F704BE2B2CBBE00083E78F /* CategoryView */ = {
			isa = PBXGroup;
			children = (
				27F704BF2B2CBBFC0083E78F /* Category1View.swift */,
				27F704C12B2CBC0D0083E78F /* Category2View.swift */,
				27F704C32B2CBC250083E78F /* Category3View.swift */,
			);
			path = CategoryView;
			sourceTree = "<group>";
		};
/* End PBXGroup section */

/* Begin PBXNativeTarget section */
		27A315742B1F63B9004EA1A6 /* SoigneMoi */ = {
			isa = PBXNativeTarget;
			buildConfigurationList = 27A315992B1F63BB004EA1A6 /* Build configuration list for PBXNativeTarget "SoigneMoi" */;
			buildPhases = (
				27A315712B1F63B9004EA1A6 /* Sources */,
				27A315722B1F63B9004EA1A6 /* Frameworks */,
				27A315732B1F63B9004EA1A6 /* Resources */,
			);
			buildRules = (
			);
			dependencies = (
			);
			name = SoigneMoi;
			productName = SoigneMoi;
			productReference = 27A315752B1F63B9004EA1A6 /* SoigneMoi.app */;
			productType = "com.apple.product-type.application";
		};
		27A315842B1F63BB004EA1A6 /* SoigneMoiTests */ = {
			isa = PBXNativeTarget;
			buildConfigurationList = 27A3159C2B1F63BB004EA1A6 /* Build configuration list for PBXNativeTarget "SoigneMoiTests" */;
			buildPhases = (
				27A315812B1F63BB004EA1A6 /* Sources */,
				27A315822B1F63BB004EA1A6 /* Frameworks */,
				27A315832B1F63BB004EA1A6 /* Resources */,
			);
			buildRules = (
			);
			dependencies = (
				27A315872B1F63BB004EA1A6 /* PBXTargetDependency */,
			);
			name = SoigneMoiTests;
			productName = SoigneMoiTests;
			productReference = 27A315852B1F63BB004EA1A6 /* SoigneMoiTests.xctest */;
			productType = "com.apple.product-type.bundle.unit-test";
		};
		27A3158E2B1F63BB004EA1A6 /* SoigneMoiUITests */ = {
			isa = PBXNativeTarget;
			buildConfigurationList = 27A3159F2B1F63BB004EA1A6 /* Build configuration list for PBXNativeTarget "SoigneMoiUITests" */;
			buildPhases = (
				27A3158B2B1F63BB004EA1A6 /* Sources */,
				27A3158C2B1F63BB004EA1A6 /* Frameworks */,
				27A3158D2B1F63BB004EA1A6 /* Resources */,
			);
			buildRules = (
			);
			dependencies = (
				27A315912B1F63BB004EA1A6 /* PBXTargetDependency */,
			);
			name = SoigneMoiUITests;
			productName = SoigneMoiUITests;
			productReference = 27A3158F2B1F63BB004EA1A6 /* SoigneMoiUITests.xctest */;
			productType = "com.apple.product-type.bundle.ui-testing";
		};
/* End PBXNativeTarget section */

/* Begin PBXProject section */
		27A3156D2B1F63B9004EA1A6 /* Project object */ = {
			isa = PBXProject;
			attributes = {
				BuildIndependentTargetsInParallel = 1;
				LastSwiftUpdateCheck = 1410;
				LastUpgradeCheck = 1410;
				TargetAttributes = {
					27A315742B1F63B9004EA1A6 = {
						CreatedOnToolsVersion = 14.1;
					};
					27A315842B1F63BB004EA1A6 = {
						CreatedOnToolsVersion = 14.1;
						TestTargetID = 27A315742B1F63B9004EA1A6;
					};
					27A3158E2B1F63BB004EA1A6 = {
						CreatedOnToolsVersion = 14.1;
						TestTargetID = 27A315742B1F63B9004EA1A6;
					};
				};
			};
			buildConfigurationList = 27A315702B1F63B9004EA1A6 /* Build configuration list for PBXProject "SoigneMoi" */;
			compatibilityVersion = "Xcode 14.0";
			developmentRegion = en;
			hasScannedForEncodings = 0;
			knownRegions = (
				en,
				Base,
			);
			mainGroup = 27A3156C2B1F63B9004EA1A6;
			productRefGroup = 27A315762B1F63B9004EA1A6 /* Products */;
			projectDirPath = "";
			projectRoot = "";
			targets = (
				27A315742B1F63B9004EA1A6 /* SoigneMoi */,
				27A315842B1F63BB004EA1A6 /* SoigneMoiTests */,
				27A3158E2B1F63BB004EA1A6 /* SoigneMoiUITests */,
			);
		};
/* End PBXProject section */

/* Begin PBXResourcesBuildPhase section */
		27A315732B1F63B9004EA1A6 /* Resources */ = {
			isa = PBXResourcesBuildPhase;
			buildActionMask = 2147483647;
			files = (
				27A315802B1F63BA004EA1A6 /* Preview Assets.xcassets in Resources */,
				27A3157D2B1F63BA004EA1A6 /* Assets.xcassets in Resources */,
			);
			runOnlyForDeploymentPostprocessing = 0;
		};
		27A315832B1F63BB004EA1A6 /* Resources */ = {
			isa = PBXResourcesBuildPhase;
			buildActionMask = 2147483647;
			files = (
			);
			runOnlyForDeploymentPostprocessing = 0;
		};
		27A3158D2B1F63BB004EA1A6 /* Resources */ = {
			isa = PBXResourcesBuildPhase;
			buildActionMask = 2147483647;
			files = (
			);
			runOnlyForDeploymentPostprocessing = 0;
		};
/* End PBXResourcesBuildPhase section */

/* Begin PBXSourcesBuildPhase section */
		27A315712B1F63B9004EA1A6 /* Sources */ = {
			isa = PBXSourcesBuildPhase;
			buildActionMask = 2147483647;
			files = (
				27F704B72B2CA64B0083E78F /* Responses.swift in Sources */,
				27F704C82B2CCFA10083E78F /* CustomTextStyle.swift in Sources */,
				27A315A62B1F645B004EA1A6 /* LoginView.swift in Sources */,
				2723D3E52B2706320033838B /* MenuView.swift in Sources */,
				27F612942B22FCD400E3A953 /* DashboardView.swift in Sources */,
				27F704C42B2CBC250083E78F /* Category3View.swift in Sources */,
				27A3157B2B1F63B9004EA1A6 /* ContentView.swift in Sources */,
				27A315A82B1F7756004EA1A6 /* API.swift in Sources */,
				27F704C62B2CBCE00083E78F /* MenuData.swift in Sources */,
				27A315AA2B1F79E7004EA1A6 /* User.swift in Sources */,
				27A315792B1F63B9004EA1A6 /* SoigneMoiApp.swift in Sources */,
				27F704CA2B2CE2E00083E78F /* MainView.swift in Sources */,
				27F704C02B2CBBFC0083E78F /* Category1View.swift in Sources */,
				27F704BD2B2CB7880083E78F /* MenuItem.swift in Sources */,
				27F704BB2B2CA9F30083E78F /* ProfileView.swift in Sources */,
				27F612962B2301FF00E3A953 /* LoginViewModel.swift in Sources */,
				27F704C22B2CBC0D0083E78F /* Category2View.swift in Sources */,
			);
			runOnlyForDeploymentPostprocessing = 0;
		};
		27A315812B1F63BB004EA1A6 /* Sources */ = {
			isa = PBXSourcesBuildPhase;
			buildActionMask = 2147483647;
			files = (
				27A3158A2B1F63BB004EA1A6 /* SoigneMoiTests.swift in Sources */,
			);
			runOnlyForDeploymentPostprocessing = 0;
		};
		27A3158B2B1F63BB004EA1A6 /* Sources */ = {
			isa = PBXSourcesBuildPhase;
			buildActionMask = 2147483647;
			files = (
				27A315942B1F63BB004EA1A6 /* SoigneMoiUITests.swift in Sources */,
				27A315962B1F63BB004EA1A6 /* SoigneMoiUITestsLaunchTests.swift in Sources */,
			);
			runOnlyForDeploymentPostprocessing = 0;
		};
/* End PBXSourcesBuildPhase section */

/* Begin PBXTargetDependency section */
		27A315872B1F63BB004EA1A6 /* PBXTargetDependency */ = {
			isa = PBXTargetDependency;
			target = 27A315742B1F63B9004EA1A6 /* SoigneMoi */;
			targetProxy = 27A315862B1F63BB004EA1A6 /* PBXContainerItemProxy */;
		};
		27A315912B1F63BB004EA1A6 /* PBXTargetDependency */ = {
			isa = PBXTargetDependency;
			target = 27A315742B1F63B9004EA1A6 /* SoigneMoi */;
			targetProxy = 27A315902B1F63BB004EA1A6 /* PBXContainerItemProxy */;
		};
/* End PBXTargetDependency section */

/* Begin XCBuildConfiguration section */
		27A315972B1F63BB004EA1A6 /* Debug */ = {
			isa = XCBuildConfiguration;
			buildSettings = {
				ALWAYS_SEARCH_USER_PATHS = NO;
				CLANG_ANALYZER_NONNULL = YES;
				CLANG_ANALYZER_NUMBER_OBJECT_CONVERSION = YES_AGGRESSIVE;
				CLANG_CXX_LANGUAGE_STANDARD = "gnu++20";
				CLANG_ENABLE_MODULES = YES;
				CLANG_ENABLE_OBJC_ARC = YES;
				CLANG_ENABLE_OBJC_WEAK = YES;
				CLANG_WARN_BLOCK_CAPTURE_AUTORELEASING = YES;
				CLANG_WARN_BOOL_CONVERSION = YES;
				CLANG_WARN_COMMA = YES;
				CLANG_WARN_CONSTANT_CONVERSION = YES;
				CLANG_WARN_DEPRECATED_OBJC_IMPLEMENTATIONS = YES;
				CLANG_WARN_DIRECT_OBJC_ISA_USAGE = YES_ERROR;
				CLANG_WARN_DOCUMENTATION_COMMENTS = YES;
				CLANG_WARN_EMPTY_BODY = YES;
				CLANG_WARN_ENUM_CONVERSION = YES;
				CLANG_WARN_INFINITE_RECURSION = YES;
				CLANG_WARN_INT_CONVERSION = YES;
				CLANG_WARN_NON_LITERAL_NULL_CONVERSION = YES;
				CLANG_WARN_OBJC_IMPLICIT_RETAIN_SELF = YES;
				CLANG_WARN_OBJC_LITERAL_CONVERSION = YES;
				CLANG_WARN_OBJC_ROOT_CLASS = YES_ERROR;
				CLANG_WARN_QUOTED_INCLUDE_IN_FRAMEWORK_HEADER = YES;
				CLANG_WARN_RANGE_LOOP_ANALYSIS = YES;
				CLANG_WARN_STRICT_PROTOTYPES = YES;
				CLANG_WARN_SUSPICIOUS_MOVE = YES;
				CLANG_WARN_UNGUARDED_AVAILABILITY = YES_AGGRESSIVE;
				CLANG_WARN_UNREACHABLE_CODE = YES;
				CLANG_WARN__DUPLICATE_METHOD_MATCH = YES;
				COPY_PHASE_STRIP = NO;
				DEBUG_INFORMATION_FORMAT = dwarf;
				ENABLE_STRICT_OBJC_MSGSEND = YES;
				ENABLE_TESTABILITY = YES;
				GCC_C_LANGUAGE_STANDARD = gnu11;
				GCC_DYNAMIC_NO_PIC = NO;
				GCC_NO_COMMON_BLOCKS = YES;
				GCC_OPTIMIZATION_LEVEL = 0;
				GCC_PREPROCESSOR_DEFINITIONS = (
					"DEBUG=1",
					"$(inherited)",
				);
				GCC_WARN_64_TO_32_BIT_CONVERSION = YES;
				GCC_WARN_ABOUT_RETURN_TYPE = YES_ERROR;
				GCC_WARN_UNDECLARED_SELECTOR = YES;
				GCC_WARN_UNINITIALIZED_AUTOS = YES_AGGRESSIVE;
				GCC_WARN_UNUSED_FUNCTION = YES;
				GCC_WARN_UNUSED_VARIABLE = YES;
				IPHONEOS_DEPLOYMENT_TARGET = 16.1;
				MTL_ENABLE_DEBUG_INFO = INCLUDE_SOURCE;
				MTL_FAST_MATH = YES;
				ONLY_ACTIVE_ARCH = YES;
				SDKROOT = iphoneos;
				SWIFT_ACTIVE_COMPILATION_CONDITIONS = DEBUG;
				SWIFT_OPTIMIZATION_LEVEL = "-Onone";
			};
			name = Debug;
		};
		27A315982B1F63BB004EA1A6 /* Release */ = {
			isa = XCBuildConfiguration;
			buildSettings = {
				ALWAYS_SEARCH_USER_PATHS = NO;
				CLANG_ANALYZER_NONNULL = YES;
				CLANG_ANALYZER_NUMBER_OBJECT_CONVERSION = YES_AGGRESSIVE;
				CLANG_CXX_LANGUAGE_STANDARD = "gnu++20";
				CLANG_ENABLE_MODULES = YES;
				CLANG_ENABLE_OBJC_ARC = YES;
				CLANG_ENABLE_OBJC_WEAK = YES;
				CLANG_WARN_BLOCK_CAPTURE_AUTORELEASING = YES;
				CLANG_WARN_BOOL_CONVERSION = YES;
				CLANG_WARN_COMMA = YES;
				CLANG_WARN_CONSTANT_CONVERSION = YES;
				CLANG_WARN_DEPRECATED_OBJC_IMPLEMENTATIONS = YES;
				CLANG_WARN_DIRECT_OBJC_ISA_USAGE = YES_ERROR;
				CLANG_WARN_DOCUMENTATION_COMMENTS = YES;
				CLANG_WARN_EMPTY_BODY = YES;
				CLANG_WARN_ENUM_CONVERSION = YES;
				CLANG_WARN_INFINITE_RECURSION = YES;
				CLANG_WARN_INT_CONVERSION = YES;
				CLANG_WARN_NON_LITERAL_NULL_CONVERSION = YES;
				CLANG_WARN_OBJC_IMPLICIT_RETAIN_SELF = YES;
				CLANG_WARN_OBJC_LITERAL_CONVERSION = YES;
				CLANG_WARN_OBJC_ROOT_CLASS = YES_ERROR;
				CLANG_WARN_QUOTED_INCLUDE_IN_FRAMEWORK_HEADER = YES;
				CLANG_WARN_RANGE_LOOP_ANALYSIS = YES;
				CLANG_WARN_STRICT_PROTOTYPES = YES;
				CLANG_WARN_SUSPICIOUS_MOVE = YES;
				CLANG_WARN_UNGUARDED_AVAILABILITY = YES_AGGRESSIVE;
				CLANG_WARN_UNREACHABLE_CODE = YES;
				CLANG_WARN__DUPLICATE_METHOD_MATCH = YES;
				COPY_PHASE_STRIP = NO;
				DEBUG_INFORMATION_FORMAT = "dwarf-with-dsym";
				ENABLE_NS_ASSERTIONS = NO;
				ENABLE_STRICT_OBJC_MSGSEND = YES;
				GCC_C_LANGUAGE_STANDARD = gnu11;
				GCC_NO_COMMON_BLOCKS = YES;
				GCC_WARN_64_TO_32_BIT_CONVERSION = YES;
				GCC_WARN_ABOUT_RETURN_TYPE = YES_ERROR;
				GCC_WARN_UNDECLARED_SELECTOR = YES;
				GCC_WARN_UNINITIALIZED_AUTOS = YES_AGGRESSIVE;
				GCC_WARN_UNUSED_FUNCTION = YES;
				GCC_WARN_UNUSED_VARIABLE = YES;
				IPHONEOS_DEPLOYMENT_TARGET = 16.1;
				MTL_ENABLE_DEBUG_INFO = NO;
				MTL_FAST_MATH = YES;
				SDKROOT = iphoneos;
				SWIFT_COMPILATION_MODE = wholemodule;
				SWIFT_OPTIMIZATION_LEVEL = "-O";
				VALIDATE_PRODUCT = YES;
			};
			name = Release;
		};
		27A3159A2B1F63BB004EA1A6 /* Debug */ = {
			isa = XCBuildConfiguration;
			buildSettings = {
				ASSETCATALOG_COMPILER_APPICON_NAME = AppIcon;
				ASSETCATALOG_COMPILER_GLOBAL_ACCENT_COLOR_NAME = AccentColor;
				CODE_SIGN_STYLE = Automatic;
				CURRENT_PROJECT_VERSION = 1;
				DEVELOPMENT_ASSET_PATHS = "\"SoigneMoi/Preview Content\"";
				DEVELOPMENT_TEAM = DCAZQ9Q5D9;
				ENABLE_PREVIEWS = YES;
				GENERATE_INFOPLIST_FILE = YES;
				INFOPLIST_KEY_UIApplicationSceneManifest_Generation = YES;
				INFOPLIST_KEY_UIApplicationSupportsIndirectInputEvents = YES;
				INFOPLIST_KEY_UILaunchScreen_Generation = YES;
				INFOPLIST_KEY_UISupportedInterfaceOrientations_iPad = "UIInterfaceOrientationPortrait UIInterfaceOrientationPortraitUpsideDown UIInterfaceOrientationLandscapeLeft UIInterfaceOrientationLandscapeRight";
				INFOPLIST_KEY_UISupportedInterfaceOrientations_iPhone = "UIInterfaceOrientationPortrait UIInterfaceOrientationLandscapeLeft UIInterfaceOrientationLandscapeRight";
				LD_RUNPATH_SEARCH_PATHS = (
					"$(inherited)",
					"@executable_path/Frameworks",
				);
				MARKETING_VERSION = 1.0;
				PRODUCT_BUNDLE_IDENTIFIER = fr.eterrisson.soignemoi.SoigneMoi;
				PRODUCT_NAME = "$(TARGET_NAME)";
				SWIFT_EMIT_LOC_STRINGS = YES;
				SWIFT_VERSION = 5.0;
				TARGETED_DEVICE_FAMILY = "1,2";
			};
			name = Debug;
		};
		27A3159B2B1F63BB004EA1A6 /* Release */ = {
			isa = XCBuildConfiguration;
			buildSettings = {
				ASSETCATALOG_COMPILER_APPICON_NAME = AppIcon;
				ASSETCATALOG_COMPILER_GLOBAL_ACCENT_COLOR_NAME = AccentColor;
				CODE_SIGN_STYLE = Automatic;
				CURRENT_PROJECT_VERSION = 1;
				DEVELOPMENT_ASSET_PATHS = "\"SoigneMoi/Preview Content\"";
				DEVELOPMENT_TEAM = DCAZQ9Q5D9;
				ENABLE_PREVIEWS = YES;
				GENERATE_INFOPLIST_FILE = YES;
				INFOPLIST_KEY_UIApplicationSceneManifest_Generation = YES;
				INFOPLIST_KEY_UIApplicationSupportsIndirectInputEvents = YES;
				INFOPLIST_KEY_UILaunchScreen_Generation = YES;
				INFOPLIST_KEY_UISupportedInterfaceOrientations_iPad = "UIInterfaceOrientationPortrait UIInterfaceOrientationPortraitUpsideDown UIInterfaceOrientationLandscapeLeft UIInterfaceOrientationLandscapeRight";
				INFOPLIST_KEY_UISupportedInterfaceOrientations_iPhone = "UIInterfaceOrientationPortrait UIInterfaceOrientationLandscapeLeft UIInterfaceOrientationLandscapeRight";
				LD_RUNPATH_SEARCH_PATHS = (
					"$(inherited)",
					"@executable_path/Frameworks",
				);
				MARKETING_VERSION = 1.0;
				PRODUCT_BUNDLE_IDENTIFIER = fr.eterrisson.soignemoi.SoigneMoi;
				PRODUCT_NAME = "$(TARGET_NAME)";
				SWIFT_EMIT_LOC_STRINGS = YES;
				SWIFT_VERSION = 5.0;
				TARGETED_DEVICE_FAMILY = "1,2";
			};
			name = Release;
		};
		27A3159D2B1F63BB004EA1A6 /* Debug */ = {
			isa = XCBuildConfiguration;
			buildSettings = {
				ALWAYS_EMBED_SWIFT_STANDARD_LIBRARIES = YES;
				BUNDLE_LOADER = "$(TEST_HOST)";
				CODE_SIGN_STYLE = Automatic;
				CURRENT_PROJECT_VERSION = 1;
				DEVELOPMENT_TEAM = DCAZQ9Q5D9;
				GENERATE_INFOPLIST_FILE = YES;
				IPHONEOS_DEPLOYMENT_TARGET = 16.1;
				MARKETING_VERSION = 1.0;
				PRODUCT_BUNDLE_IDENTIFIER = fr.eterrisson.soignemoi.SoigneMoiTests;
				PRODUCT_NAME = "$(TARGET_NAME)";
				SWIFT_EMIT_LOC_STRINGS = NO;
				SWIFT_VERSION = 5.0;
				TARGETED_DEVICE_FAMILY = "1,2";
				TEST_HOST = "$(BUILT_PRODUCTS_DIR)/SoigneMoi.app/$(BUNDLE_EXECUTABLE_FOLDER_PATH)/SoigneMoi";
			};
			name = Debug;
		};
		27A3159E2B1F63BB004EA1A6 /* Release */ = {
			isa = XCBuildConfiguration;
			buildSettings = {
				ALWAYS_EMBED_SWIFT_STANDARD_LIBRARIES = YES;
				BUNDLE_LOADER = "$(TEST_HOST)";
				CODE_SIGN_STYLE = Automatic;
				CURRENT_PROJECT_VERSION = 1;
				DEVELOPMENT_TEAM = DCAZQ9Q5D9;
				GENERATE_INFOPLIST_FILE = YES;
				IPHONEOS_DEPLOYMENT_TARGET = 16.1;
				MARKETING_VERSION = 1.0;
				PRODUCT_BUNDLE_IDENTIFIER = fr.eterrisson.soignemoi.SoigneMoiTests;
				PRODUCT_NAME = "$(TARGET_NAME)";
				SWIFT_EMIT_LOC_STRINGS = NO;
				SWIFT_VERSION = 5.0;
				TARGETED_DEVICE_FAMILY = "1,2";
				TEST_HOST = "$(BUILT_PRODUCTS_DIR)/SoigneMoi.app/$(BUNDLE_EXECUTABLE_FOLDER_PATH)/SoigneMoi";
			};
			name = Release;
		};
		27A315A02B1F63BB004EA1A6 /* Debug */ = {
			isa = XCBuildConfiguration;
			buildSettings = {
				ALWAYS_EMBED_SWIFT_STANDARD_LIBRARIES = YES;
				CODE_SIGN_STYLE = Automatic;
				CURRENT_PROJECT_VERSION = 1;
				DEVELOPMENT_TEAM = DCAZQ9Q5D9;
				GENERATE_INFOPLIST_FILE = YES;
				MARKETING_VERSION = 1.0;
				PRODUCT_BUNDLE_IDENTIFIER = fr.eterrisson.soignemoi.SoigneMoiUITests;
				PRODUCT_NAME = "$(TARGET_NAME)";
				SWIFT_EMIT_LOC_STRINGS = NO;
				SWIFT_VERSION = 5.0;
				TARGETED_DEVICE_FAMILY = "1,2";
				TEST_TARGET_NAME = SoigneMoi;
			};
			name = Debug;
		};
		27A315A12B1F63BB004EA1A6 /* Release */ = {
			isa = XCBuildConfiguration;
			buildSettings = {
				ALWAYS_EMBED_SWIFT_STANDARD_LIBRARIES = YES;
				CODE_SIGN_STYLE = Automatic;
				CURRENT_PROJECT_VERSION = 1;
				DEVELOPMENT_TEAM = DCAZQ9Q5D9;
				GENERATE_INFOPLIST_FILE = YES;
				MARKETING_VERSION = 1.0;
				PRODUCT_BUNDLE_IDENTIFIER = fr.eterrisson.soignemoi.SoigneMoiUITests;
				PRODUCT_NAME = "$(TARGET_NAME)";
				SWIFT_EMIT_LOC_STRINGS = NO;
				SWIFT_VERSION = 5.0;
				TARGETED_DEVICE_FAMILY = "1,2";
				TEST_TARGET_NAME = SoigneMoi;
			};
			name = Release;
		};
/* End XCBuildConfiguration section */

/* Begin XCConfigurationList section */
		27A315702B1F63B9004EA1A6 /* Build configuration list for PBXProject "SoigneMoi" */ = {
			isa = XCConfigurationList;
			buildConfigurations = (
				27A315972B1F63BB004EA1A6 /* Debug */,
				27A315982B1F63BB004EA1A6 /* Release */,
			);
			defaultConfigurationIsVisible = 0;
			defaultConfigurationName = Release;
		};
		27A315992B1F63BB004EA1A6 /* Build configuration list for PBXNativeTarget "SoigneMoi" */ = {
			isa = XCConfigurationList;
			buildConfigurations = (
				27A3159A2B1F63BB004EA1A6 /* Debug */,
				27A3159B2B1F63BB004EA1A6 /* Release */,
			);
			defaultConfigurationIsVisible = 0;
			defaultConfigurationName = Release;
		};
		27A3159C2B1F63BB004EA1A6 /* Build configuration list for PBXNativeTarget "SoigneMoiTests" */ = {
			isa = XCConfigurationList;
			buildConfigurations = (
				27A3159D2B1F63BB004EA1A6 /* Debug */,
				27A3159E2B1F63BB004EA1A6 /* Release */,
			);
			defaultConfigurationIsVisible = 0;
			defaultConfigurationName = Release;
		};
		27A3159F2B1F63BB004EA1A6 /* Build configuration list for PBXNativeTarget "SoigneMoiUITests" */ = {
			isa = XCConfigurationList;
			buildConfigurations = (
				27A315A02B1F63BB004EA1A6 /* Debug */,
				27A315A12B1F63BB004EA1A6 /* Release */,
			);
			defaultConfigurationIsVisible = 0;
			defaultConfigurationName = Release;
		};
/* End XCConfigurationList section */
	};
	rootObject = 27A3156D2B1F63B9004EA1A6 /* Project object */;
}
